
Microsoft Visual Studio Solution File, Format Version 12.00
# Visual Studio Version 17
VisualStudioVersion = 17.14.36518.9 d17.14
MinimumVisualStudioVersion = 10.0.40219.1
Project("{FAE04EC0-301F-11D3-BF4B-00C04F79EFBC}") = "praktik 7.3 bambang", "praktik 7.3 bambang.csproj", "{6BE64883-CD3B-4298-A17F-D9D326E08352}"
EndProject
Global
	GlobalSection(SolutionConfigurationPlatforms) = preSolution
		Debug|Any CPU = Debug|Any CPU
		Release|Any CPU = Release|Any CPU
	EndGlobalSection
	GlobalSection(ProjectConfigurationPlatforms) = postSolution
		{6BE64883-CD3B-4298-A17F-D9D326E08352}.Debug|Any CPU.ActiveCfg = Debug|Any CPU
		{6BE64883-CD3B-4298-A17F-D9D326E08352}.Debug|Any CPU.Build.0 = Debug|Any CPU
		{6BE64883-CD3B-4298-A17F-D9D326E08352}.Release|Any CPU.ActiveCfg = Release|Any CPU
		{6BE64883-CD3B-4298-A17F-D9D326E08352}.Release|Any CPU.Build.0 = Release|Any CPU
	EndGlobalSection
	GlobalSection(SolutionProperties) = preSolution
		HideSolutionNode = FALSE
	EndGlobalSection
	GlobalSection(ExtensibilityGlobals) = postSolution
		SolutionGuid = {3DEE8AF7-7C5D-4572-919E-DE84FA6C13AD}
	EndGlobalSection
EndGlobal
