
Microsoft Visual Studio Solution File, Format Version 12.00
# Visual Studio Version 17
VisualStudioVersion = 17.14.36511.14 d17.14
MinimumVisualStudioVersion = 10.0.40219.1
Project("{FAE04EC0-301F-11D3-BF4B-00C04F79EFBC}") = "Praktik 2.1 Bambang C#", "Praktik 2.1 Bambang C#.csproj", "{3101AD4E-3154-4643-8779-B7CCD0832742}"
EndProject
Global
	GlobalSection(SolutionConfigurationPlatforms) = preSolution
		Debug|Any CPU = Debug|Any CPU
		Release|Any CPU = Release|Any CPU
	EndGlobalSection
	GlobalSection(ProjectConfigurationPlatforms) = postSolution
		{3101AD4E-3154-4643-8779-B7CCD0832742}.Debug|Any CPU.ActiveCfg = Debug|Any CPU
		{3101AD4E-3154-4643-8779-B7CCD0832742}.Debug|Any CPU.Build.0 = Debug|Any CPU
		{3101AD4E-3154-4643-8779-B7CCD0832742}.Release|Any CPU.ActiveCfg = Release|Any CPU
		{3101AD4E-3154-4643-8779-B7CCD0832742}.Release|Any CPU.Build.0 = Release|Any CPU
	EndGlobalSection
	GlobalSection(SolutionProperties) = preSolution
		HideSolutionNode = FALSE
	EndGlobalSection
	GlobalSection(ExtensibilityGlobals) = postSolution
		SolutionGuid = {6A4DAD9C-234D-4260-B629-209FD36D5152}
	EndGlobalSection
EndGlobal
