
Microsoft Visual Studio Solution File, Format Version 12.00
# Visual Studio Version 17
VisualStudioVersion = 17.14.36518.9 d17.14
MinimumVisualStudioVersion = 10.0.40219.1
Project("{FAE04EC0-301F-11D3-BF4B-00C04F79EFBC}") = "kasir_toko_elektronik", "kasir_toko_elektronik.csproj", "{0983626D-4FF3-42F7-A7C6-595B25B3971B}"
EndProject
Global
	GlobalSection(SolutionConfigurationPlatforms) = preSolution
		Debug|Any CPU = Debug|Any CPU
		Release|Any CPU = Release|Any CPU
	EndGlobalSection
	GlobalSection(ProjectConfigurationPlatforms) = postSolution
		{0983626D-4FF3-42F7-A7C6-595B25B3971B}.Debug|Any CPU.ActiveCfg = Debug|Any CPU
		{0983626D-4FF3-42F7-A7C6-595B25B3971B}.Debug|Any CPU.Build.0 = Debug|Any CPU
		{0983626D-4FF3-42F7-A7C6-595B25B3971B}.Release|Any CPU.ActiveCfg = Release|Any CPU
		{0983626D-4FF3-42F7-A7C6-595B25B3971B}.Release|Any CPU.Build.0 = Release|Any CPU
	EndGlobalSection
	GlobalSection(SolutionProperties) = preSolution
		HideSolutionNode = FALSE
	EndGlobalSection
	GlobalSection(ExtensibilityGlobals) = postSolution
		SolutionGuid = {C3E419BC-3D2C-4117-BC7F-D61ECBF92A13}
	EndGlobalSection
EndGlobal
